// !$*UTF8*$!
{
	archiveVersion = 1;
	classes = {
	};
	objectVersion = 51;
	objects = {

/* Begin PBXBuildFile section */
		D0A4476C634A4CA128D3666A /* Pods_STORE.framework in Frameworks */ = {isa = PBXBuildFile; fileRef = 4C9E2F62802B2DAE5B012A51 /* Pods_STORE.framework */; };
		FA2FF52424D9C3DA00F2D297 /* StoreFrontViewControllerTests.swift in Sources */ = {isa = PBXBuildFile; fileRef = FA2FF52324D9C3DA00F2D297 /* StoreFrontViewControllerTests.swift */; };
		FA2FF52D24D9C78400F2D297 /* BackEndViewControllerTests.swift in Sources */ = {isa = PBXBuildFile; fileRef = FA2FF52C24D9C78400F2D297 /* BackEndViewControllerTests.swift */; };
		FA3A898024D6C57B00403665 /* DataLoader.swift in Sources */ = {isa = PBXBuildFile; fileRef = FA3A897F24D6C57B00403665 /* DataLoader.swift */; };
		FA588B8424D8002D0047051B /* DataManager.swift in Sources */ = {isa = PBXBuildFile; fileRef = FA588B8324D8002D0047051B /* DataManager.swift */; };
		FA99949824D6048D00398A0E /* ProductInformation.swift in Sources */ = {isa = PBXBuildFile; fileRef = FA99949724D6048D00398A0E /* ProductInformation.swift */; };
		FA99949A24D60FBA00398A0E /* data.json in Resources */ = {isa = PBXBuildFile; fileRef = FA99949924D60FB900398A0E /* data.json */; };
		FAAD06C724CAD09000962FC1 /* AppDelegate.swift in Sources */ = {isa = PBXBuildFile; fileRef = FAAD06C624CAD09000962FC1 /* AppDelegate.swift */; };
		FAAD06C924CAD09000962FC1 /* SceneDelegate.swift in Sources */ = {isa = PBXBuildFile; fileRef = FAAD06C824CAD09000962FC1 /* SceneDelegate.swift */; };
		FAAD06CE24CAD09000962FC1 /* Main.storyboard in Resources */ = {isa = PBXBuildFile; fileRef = FAAD06CC24CAD09000962FC1 /* Main.storyboard */; };
		FAAD06D024CAD09100962FC1 /* Assets.xcassets in Resources */ = {isa = PBXBuildFile; fileRef = FAAD06CF24CAD09100962FC1 /* Assets.xcassets */; };
		FAAD06D324CAD09100962FC1 /* LaunchScreen.storyboard in Resources */ = {isa = PBXBuildFile; fileRef = FAAD06D124CAD09100962FC1 /* LaunchScreen.storyboard */; };
		FAAD06DD24CAD21900962FC1 /* StoreFrontViewController.swift in Sources */ = {isa = PBXBuildFile; fileRef = FAAD06DC24CAD21900962FC1 /* StoreFrontViewController.swift */; };
		FAAD06DF24CAD22C00962FC1 /* BackEndViewController.swift in Sources */ = {isa = PBXBuildFile; fileRef = FAAD06DE24CAD22C00962FC1 /* BackEndViewController.swift */; };
		FAAD06E524CADAC100962FC1 /* StorageManager.swift in Sources */ = {isa = PBXBuildFile; fileRef = FAAD06E424CADAC100962FC1 /* StorageManager.swift */; };
		FAAD06E924CAF2E300962FC1 /* Product.swift in Sources */ = {isa = PBXBuildFile; fileRef = FAAD06E824CAF2E300962FC1 /* Product.swift */; };
		FAAD06F124CB1F1000962FC1 /* BackendCell.swift in Sources */ = {isa = PBXBuildFile; fileRef = FAAD06F024CB1F1000962FC1 /* BackendCell.swift */; };
		FAAD06FE24CC718600962FC1 /* StorefrontCell.swift in Sources */ = {isa = PBXBuildFile; fileRef = FAAD06FC24CC718600962FC1 /* StorefrontCell.swift */; };
		FAAD06FF24CC718600962FC1 /* StorefrontCell.xib in Resources */ = {isa = PBXBuildFile; fileRef = FAAD06FD24CC718600962FC1 /* StorefrontCell.xib */; };
		FAE4C9AB24D7DEE900F7885C /* LoginViewController.swift in Sources */ = {isa = PBXBuildFile; fileRef = FAE4C9AA24D7DEE900F7885C /* LoginViewController.swift */; };
		FAFC757024DA028F00C2EDBF /* LoginViewControllerTests.swift in Sources */ = {isa = PBXBuildFile; fileRef = FAFC756F24DA028F00C2EDBF /* LoginViewControllerTests.swift */; };
/* End PBXBuildFile section */

/* Begin PBXContainerItemProxy section */
		FA2FF52624D9C3DA00F2D297 /* PBXContainerItemProxy */ = {
			isa = PBXContainerItemProxy;
			containerPortal = FAAD06BB24CAD09000962FC1 /* Project object */;
			proxyType = 1;
			remoteGlobalIDString = FAAD06C224CAD09000962FC1;
			remoteInfo = STORE;
		};
/* End PBXContainerItemProxy section */

/* Begin PBXFileReference section */
		3A2EE62CFBE2D95DDDC7D7FE /* Pods-STORE.debug.xcconfig */ = {isa = PBXFileReference; includeInIndex = 1; lastKnownFileType = text.xcconfig; name = "Pods-STORE.debug.xcconfig"; path = "Target Support Files/Pods-STORE/Pods-STORE.debug.xcconfig"; sourceTree = "<group>"; };
		4C9E2F62802B2DAE5B012A51 /* Pods_STORE.framework */ = {isa = PBXFileReference; explicitFileType = wrapper.framework; includeInIndex = 0; path = Pods_STORE.framework; sourceTree = BUILT_PRODUCTS_DIR; };
		B7AD0845BD6E44E52CC6C2FD /* Pods-STORE.release.xcconfig */ = {isa = PBXFileReference; includeInIndex = 1; lastKnownFileType = text.xcconfig; name = "Pods-STORE.release.xcconfig"; path = "Target Support Files/Pods-STORE/Pods-STORE.release.xcconfig"; sourceTree = "<group>"; };
		FA2FF52124D9C3DA00F2D297 /* STORETests.xctest */ = {isa = PBXFileReference; explicitFileType = wrapper.cfbundle; includeInIndex = 0; path = STORETests.xctest; sourceTree = BUILT_PRODUCTS_DIR; };
		FA2FF52324D9C3DA00F2D297 /* StoreFrontViewControllerTests.swift */ = {isa = PBXFileReference; lastKnownFileType = sourcecode.swift; path = StoreFrontViewControllerTests.swift; sourceTree = "<group>"; };
		FA2FF52524D9C3DA00F2D297 /* Info.plist */ = {isa = PBXFileReference; lastKnownFileType = text.plist.xml; path = Info.plist; sourceTree = "<group>"; };
		FA2FF52C24D9C78400F2D297 /* BackEndViewControllerTests.swift */ = {isa = PBXFileReference; lastKnownFileType = sourcecode.swift; path = BackEndViewControllerTests.swift; sourceTree = "<group>"; };
		FA3A897F24D6C57B00403665 /* DataLoader.swift */ = {isa = PBXFileReference; lastKnownFileType = sourcecode.swift; path = DataLoader.swift; sourceTree = "<group>"; };
		FA588B8324D8002D0047051B /* DataManager.swift */ = {isa = PBXFileReference; lastKnownFileType = sourcecode.swift; path = DataManager.swift; sourceTree = "<group>"; };
		FA99949724D6048D00398A0E /* ProductInformation.swift */ = {isa = PBXFileReference; lastKnownFileType = sourcecode.swift; path = ProductInformation.swift; sourceTree = "<group>"; };
		FA99949924D60FB900398A0E /* data.json */ = {isa = PBXFileReference; lastKnownFileType = text.json; path = data.json; sourceTree = "<group>"; };
		FAAD06C324CAD09000962FC1 /* STORE.app */ = {isa = PBXFileReference; explicitFileType = wrapper.application; includeInIndex = 0; path = STORE.app; sourceTree = BUILT_PRODUCTS_DIR; };
		FAAD06C624CAD09000962FC1 /* AppDelegate.swift */ = {isa = PBXFileReference; lastKnownFileType = sourcecode.swift; path = AppDelegate.swift; sourceTree = "<group>"; };
		FAAD06C824CAD09000962FC1 /* SceneDelegate.swift */ = {isa = PBXFileReference; lastKnownFileType = sourcecode.swift; path = SceneDelegate.swift; sourceTree = "<group>"; };
		FAAD06CD24CAD09000962FC1 /* Base */ = {isa = PBXFileReference; lastKnownFileType = file.storyboard; name = Base; path = Base.lproj/Main.storyboard; sourceTree = "<group>"; };
		FAAD06CF24CAD09100962FC1 /* Assets.xcassets */ = {isa = PBXFileReference; lastKnownFileType = folder.assetcatalog; path = Assets.xcassets; sourceTree = "<group>"; };
		FAAD06D224CAD09100962FC1 /* Base */ = {isa = PBXFileReference; lastKnownFileType = file.storyboard; name = Base; path = Base.lproj/LaunchScreen.storyboard; sourceTree = "<group>"; };
		FAAD06D424CAD09100962FC1 /* Info.plist */ = {isa = PBXFileReference; lastKnownFileType = text.plist.xml; path = Info.plist; sourceTree = "<group>"; };
		FAAD06DC24CAD21900962FC1 /* StoreFrontViewController.swift */ = {isa = PBXFileReference; lastKnownFileType = sourcecode.swift; path = StoreFrontViewController.swift; sourceTree = "<group>"; };
		FAAD06DE24CAD22C00962FC1 /* BackEndViewController.swift */ = {isa = PBXFileReference; lastKnownFileType = sourcecode.swift; path = BackEndViewController.swift; sourceTree = "<group>"; };
		FAAD06E424CADAC100962FC1 /* StorageManager.swift */ = {isa = PBXFileReference; lastKnownFileType = sourcecode.swift; path = StorageManager.swift; sourceTree = "<group>"; };
		FAAD06E824CAF2E300962FC1 /* Product.swift */ = {isa = PBXFileReference; lastKnownFileType = sourcecode.swift; path = Product.swift; sourceTree = "<group>"; };
		FAAD06F024CB1F1000962FC1 /* BackendCell.swift */ = {isa = PBXFileReference; lastKnownFileType = sourcecode.swift; path = BackendCell.swift; sourceTree = "<group>"; };
		FAAD06FC24CC718600962FC1 /* StorefrontCell.swift */ = {isa = PBXFileReference; lastKnownFileType = sourcecode.swift; path = StorefrontCell.swift; sourceTree = "<group>"; };
		FAAD06FD24CC718600962FC1 /* StorefrontCell.xib */ = {isa = PBXFileReference; lastKnownFileType = file.xib; path = StorefrontCell.xib; sourceTree = "<group>"; };
		FAE4C9AA24D7DEE900F7885C /* LoginViewController.swift */ = {isa = PBXFileReference; lastKnownFileType = sourcecode.swift; path = LoginViewController.swift; sourceTree = "<group>"; };
		FAFC756F24DA028F00C2EDBF /* LoginViewControllerTests.swift */ = {isa = PBXFileReference; lastKnownFileType = sourcecode.swift; path = LoginViewControllerTests.swift; sourceTree = "<group>"; };
/* End PBXFileReference section */

/* Begin PBXFrameworksBuildPhase section */
		FA2FF51E24D9C3DA00F2D297 /* Frameworks */ = {
			isa = PBXFrameworksBuildPhase;
			buildActionMask = 2147483647;
			files = (
			);
			runOnlyForDeploymentPostprocessing = 0;
		};
		FAAD06C024CAD09000962FC1 /* Frameworks */ = {
			isa = PBXFrameworksBuildPhase;
			buildActionMask = 2147483647;
			files = (
				D0A4476C634A4CA128D3666A /* Pods_STORE.framework in Frameworks */,
			);
			runOnlyForDeploymentPostprocessing = 0;
		};
/* End PBXFrameworksBuildPhase section */

/* Begin PBXGroup section */
		8A19EC1DAE5FFD5A7173DE1F /* Frameworks */ = {
			isa = PBXGroup;
			children = (
				4C9E2F62802B2DAE5B012A51 /* Pods_STORE.framework */,
			);
			name = Frameworks;
			sourceTree = "<group>";
		};
		FA2FF52224D9C3DA00F2D297 /* STORETests */ = {
			isa = PBXGroup;
			children = (
				FA2FF52B24D9C71200F2D297 /* Controller */,
				FA2FF52524D9C3DA00F2D297 /* Info.plist */,
			);
			path = STORETests;
			sourceTree = "<group>";
		};
		FA2FF52B24D9C71200F2D297 /* Controller */ = {
			isa = PBXGroup;
			children = (
				FAFC756F24DA028F00C2EDBF /* LoginViewControllerTests.swift */,
				FA2FF52324D9C3DA00F2D297 /* StoreFrontViewControllerTests.swift */,
				FA2FF52C24D9C78400F2D297 /* BackEndViewControllerTests.swift */,
			);
			path = Controller;
			sourceTree = "<group>";
		};
		FA3A897E24D6C55500403665 /* JsonService */ = {
			isa = PBXGroup;
			children = (
				FA99949924D60FB900398A0E /* data.json */,
				FA99949724D6048D00398A0E /* ProductInformation.swift */,
				FA3A897F24D6C57B00403665 /* DataLoader.swift */,
				FA588B8324D8002D0047051B /* DataManager.swift */,
			);
			path = JsonService;
			sourceTree = "<group>";
		};
		FAAD06BA24CAD09000962FC1 = {
			isa = PBXGroup;
			children = (
				FAAD06C524CAD09000962FC1 /* STORE */,
				FAAD06DA24CAD1CF00962FC1 /* Supporting Files */,
				FA2FF52224D9C3DA00F2D297 /* STORETests */,
				FAAD06C424CAD09000962FC1 /* Products */,
				FC3CD1C7A93EB92AF8B421A1 /* Pods */,
				8A19EC1DAE5FFD5A7173DE1F /* Frameworks */,
			);
			sourceTree = "<group>";
		};
		FAAD06C424CAD09000962FC1 /* Products */ = {
			isa = PBXGroup;
			children = (
				FAAD06C324CAD09000962FC1 /* STORE.app */,
				FA2FF52124D9C3DA00F2D297 /* STORETests.xctest */,
			);
			name = Products;
			sourceTree = "<group>";
		};
		FAAD06C524CAD09000962FC1 /* STORE */ = {
			isa = PBXGroup;
			children = (
				FAAD06E124CAD24100962FC1 /* Model */,
				FAAD06E024CAD23500962FC1 /* View */,
				FAAD06DB24CAD1EA00962FC1 /* Controller */,
			);
			path = STORE;
			sourceTree = "<group>";
		};
		FAAD06DA24CAD1CF00962FC1 /* Supporting Files */ = {
			isa = PBXGroup;
			children = (
				FAAD06C624CAD09000962FC1 /* AppDelegate.swift */,
				FAAD06C824CAD09000962FC1 /* SceneDelegate.swift */,
				FAAD06D424CAD09100962FC1 /* Info.plist */,
			);
			path = "Supporting Files";
			sourceTree = "<group>";
		};
		FAAD06DB24CAD1EA00962FC1 /* Controller */ = {
			isa = PBXGroup;
			children = (
				FAE4C9AA24D7DEE900F7885C /* LoginViewController.swift */,
				FAAD06DC24CAD21900962FC1 /* StoreFrontViewController.swift */,
				FAAD06DE24CAD22C00962FC1 /* BackEndViewController.swift */,
			);
			path = Controller;
			sourceTree = "<group>";
		};
		FAAD06E024CAD23500962FC1 /* View */ = {
			isa = PBXGroup;
			children = (
				FAAD06CC24CAD09000962FC1 /* Main.storyboard */,
				FAAD06D124CAD09100962FC1 /* LaunchScreen.storyboard */,
				FAAD06CF24CAD09100962FC1 /* Assets.xcassets */,
			);
			path = View;
			sourceTree = "<group>";
		};
		FAAD06E124CAD24100962FC1 /* Model */ = {
			isa = PBXGroup;
			children = (
				FAAD06FC24CC718600962FC1 /* StorefrontCell.swift */,
				FAAD06FD24CC718600962FC1 /* StorefrontCell.xib */,
				FAAD06F024CB1F1000962FC1 /* BackendCell.swift */,
				FAAD06E424CADAC100962FC1 /* StorageManager.swift */,
				FAAD06E824CAF2E300962FC1 /* Product.swift */,
				FA3A897E24D6C55500403665 /* JsonService */,
			);
			path = Model;
			sourceTree = "<group>";
		};
		FC3CD1C7A93EB92AF8B421A1 /* Pods */ = {
			isa = PBXGroup;
			children = (
				3A2EE62CFBE2D95DDDC7D7FE /* Pods-STORE.debug.xcconfig */,
				B7AD0845BD6E44E52CC6C2FD /* Pods-STORE.release.xcconfig */,
			);
			path = Pods;
			sourceTree = "<group>";
		};
/* End PBXGroup section */

/* Begin PBXNativeTarget section */
		FA2FF52024D9C3DA00F2D297 /* STORETests */ = {
			isa = PBXNativeTarget;
			buildConfigurationList = FA2FF52A24D9C3DA00F2D297 /* Build configuration list for PBXNativeTarget "STORETests" */;
			buildPhases = (
				FA2FF51D24D9C3DA00F2D297 /* Sources */,
				FA2FF51E24D9C3DA00F2D297 /* Frameworks */,
				FA2FF51F24D9C3DA00F2D297 /* Resources */,
			);
			buildRules = (
			);
			dependencies = (
				FA2FF52724D9C3DA00F2D297 /* PBXTargetDependency */,
			);
			name = STORETests;
			productName = STORETests;
			productReference = FA2FF52124D9C3DA00F2D297 /* STORETests.xctest */;
			productType = "com.apple.product-type.bundle.unit-test";
		};
		FAAD06C224CAD09000962FC1 /* STORE */ = {
			isa = PBXNativeTarget;
			buildConfigurationList = FAAD06D724CAD09100962FC1 /* Build configuration list for PBXNativeTarget "STORE" */;
			buildPhases = (
				12044E0CEB4D556544613329 /* [CP] Check Pods Manifest.lock */,
				FAAD06BF24CAD09000962FC1 /* Sources */,
				FAAD06C024CAD09000962FC1 /* Frameworks */,
				FAAD06C124CAD09000962FC1 /* Resources */,
				0410A74C333928406F85BFEE /* [CP] Embed Pods Frameworks */,
			);
			buildRules = (
			);
			dependencies = (
			);
			name = STORE;
			productName = STORE;
			productReference = FAAD06C324CAD09000962FC1 /* STORE.app */;
			productType = "com.apple.product-type.application";
		};
/* End PBXNativeTarget section */

/* Begin PBXProject section */
		FAAD06BB24CAD09000962FC1 /* Project object */ = {
			isa = PBXProject;
			attributes = {
				LastSwiftUpdateCheck = 1130;
				LastUpgradeCheck = 1130;
				ORGANIZATIONNAME = mybestcompany.com;
				TargetAttributes = {
					FA2FF52024D9C3DA00F2D297 = {
						CreatedOnToolsVersion = 11.3.1;
						TestTargetID = FAAD06C224CAD09000962FC1;
					};
					FAAD06C224CAD09000962FC1 = {
						CreatedOnToolsVersion = 11.3.1;
					};
				};
			};
			buildConfigurationList = FAAD06BE24CAD09000962FC1 /* Build configuration list for PBXProject "STORE" */;
			compatibilityVersion = "Xcode 9.3";
			developmentRegion = en;
			hasScannedForEncodings = 0;
			knownRegions = (
				en,
				Base,
			);
			mainGroup = FAAD06BA24CAD09000962FC1;
			productRefGroup = FAAD06C424CAD09000962FC1 /* Products */;
			projectDirPath = "";
			projectRoot = "";
			targets = (
				FAAD06C224CAD09000962FC1 /* STORE */,
				FA2FF52024D9C3DA00F2D297 /* STORETests */,
			);
		};
/* End PBXProject section */

/* Begin PBXResourcesBuildPhase section */
		FA2FF51F24D9C3DA00F2D297 /* Resources */ = {
			isa = PBXResourcesBuildPhase;
			buildActionMask = 2147483647;
			files = (
			);
			runOnlyForDeploymentPostprocessing = 0;
		};
		FAAD06C124CAD09000962FC1 /* Resources */ = {
			isa = PBXResourcesBuildPhase;
			buildActionMask = 2147483647;
			files = (
				FA99949A24D60FBA00398A0E /* data.json in Resources */,
				FAAD06D324CAD09100962FC1 /* LaunchScreen.storyboard in Resources */,
				FAAD06FF24CC718600962FC1 /* StorefrontCell.xib in Resources */,
				FAAD06D024CAD09100962FC1 /* Assets.xcassets in Resources */,
				FAAD06CE24CAD09000962FC1 /* Main.storyboard in Resources */,
			);
			runOnlyForDeploymentPostprocessing = 0;
		};
/* End PBXResourcesBuildPhase section */

/* Begin PBXShellScriptBuildPhase section */
		0410A74C333928406F85BFEE /* [CP] Embed Pods Frameworks */ = {
			isa = PBXShellScriptBuildPhase;
			buildActionMask = 2147483647;
			files = (
			);
			inputFileListPaths = (
				"${PODS_ROOT}/Target Support Files/Pods-STORE/Pods-STORE-frameworks-${CONFIGURATION}-input-files.xcfilelist",
			);
			name = "[CP] Embed Pods Frameworks";
			outputFileListPaths = (
				"${PODS_ROOT}/Target Support Files/Pods-STORE/Pods-STORE-frameworks-${CONFIGURATION}-output-files.xcfilelist",
			);
			runOnlyForDeploymentPostprocessing = 0;
			shellPath = /bin/sh;
			shellScript = "\"${PODS_ROOT}/Target Support Files/Pods-STORE/Pods-STORE-frameworks.sh\"\n";
			showEnvVarsInLog = 0;
		};
		12044E0CEB4D556544613329 /* [CP] Check Pods Manifest.lock */ = {
			isa = PBXShellScriptBuildPhase;
			buildActionMask = 2147483647;
			files = (
			);
			inputFileListPaths = (
			);
			inputPaths = (
				"${PODS_PODFILE_DIR_PATH}/Podfile.lock",
				"${PODS_ROOT}/Manifest.lock",
			);
			name = "[CP] Check Pods Manifest.lock";
			outputFileListPaths = (
			);
			outputPaths = (
				"$(DERIVED_FILE_DIR)/Pods-STORE-checkManifestLockResult.txt",
			);
			runOnlyForDeploymentPostprocessing = 0;
			shellPath = /bin/sh;
			shellScript = "diff \"${PODS_PODFILE_DIR_PATH}/Podfile.lock\" \"${PODS_ROOT}/Manifest.lock\" > /dev/null\nif [ $? != 0 ] ; then\n    # print error to STDERR\n    echo \"error: The sandbox is not in sync with the Podfile.lock. Run 'pod install' or update your CocoaPods installation.\" >&2\n    exit 1\nfi\n# This output is used by Xcode 'outputs' to avoid re-running this script phase.\necho \"SUCCESS\" > \"${SCRIPT_OUTPUT_FILE_0}\"\n";
			showEnvVarsInLog = 0;
		};
/* End PBXShellScriptBuildPhase section */

/* Begin PBXSourcesBuildPhase section */
		FA2FF51D24D9C3DA00F2D297 /* Sources */ = {
			isa = PBXSourcesBuildPhase;
			buildActionMask = 2147483647;
			files = (
				FAFC757024DA028F00C2EDBF /* LoginViewControllerTests.swift in Sources */,
				FA2FF52D24D9C78400F2D297 /* BackEndViewControllerTests.swift in Sources */,
				FA2FF52424D9C3DA00F2D297 /* StoreFrontViewControllerTests.swift in Sources */,
			);
			runOnlyForDeploymentPostprocessing = 0;
		};
		FAAD06BF24CAD09000962FC1 /* Sources */ = {
			isa = PBXSourcesBuildPhase;
			buildActionMask = 2147483647;
			files = (
				FAAD06C724CAD09000962FC1 /* AppDelegate.swift in Sources */,
				FA588B8424D8002D0047051B /* DataManager.swift in Sources */,
				FAAD06DD24CAD21900962FC1 /* StoreFrontViewController.swift in Sources */,
				FAE4C9AB24D7DEE900F7885C /* LoginViewController.swift in Sources */,
				FAAD06C924CAD09000962FC1 /* SceneDelegate.swift in Sources */,
				FAAD06E524CADAC100962FC1 /* StorageManager.swift in Sources */,
				FAAD06E924CAF2E300962FC1 /* Product.swift in Sources */,
				FA3A898024D6C57B00403665 /* DataLoader.swift in Sources */,
				FAAD06FE24CC718600962FC1 /* StorefrontCell.swift in Sources */,
				FAAD06F124CB1F1000962FC1 /* BackendCell.swift in Sources */,
				FAAD06DF24CAD22C00962FC1 /* BackEndViewController.swift in Sources */,
				FA99949824D6048D00398A0E /* ProductInformation.swift in Sources */,
			);
			runOnlyForDeploymentPostprocessing = 0;
		};
/* End PBXSourcesBuildPhase section */

/* Begin PBXTargetDependency section */
		FA2FF52724D9C3DA00F2D297 /* PBXTargetDependency */ = {
			isa = PBXTargetDependency;
			target = FAAD06C224CAD09000962FC1 /* STORE */;
			targetProxy = FA2FF52624D9C3DA00F2D297 /* PBXContainerItemProxy */;
		};
/* End PBXTargetDependency section */

/* Begin PBXVariantGroup section */
		FAAD06CC24CAD09000962FC1 /* Main.storyboard */ = {
			isa = PBXVariantGroup;
			children = (
				FAAD06CD24CAD09000962FC1 /* Base */,
			);
			name = Main.storyboard;
			sourceTree = "<group>";
		};
		FAAD06D124CAD09100962FC1 /* LaunchScreen.storyboard */ = {
			isa = PBXVariantGroup;
			children = (
				FAAD06D224CAD09100962FC1 /* Base */,
			);
			name = LaunchScreen.storyboard;
			sourceTree = "<group>";
		};
/* End PBXVariantGroup section */

/* Begin XCBuildConfiguration section */
		FA2FF52824D9C3DA00F2D297 /* Debug */ = {
			isa = XCBuildConfiguration;
			buildSettings = {
				BUNDLE_LOADER = "$(TEST_HOST)";
				CODE_SIGN_STYLE = Automatic;
				DEVELOPMENT_TEAM = 6UWQ56AG86;
				INFOPLIST_FILE = STORETests/Info.plist;
				LD_RUNPATH_SEARCH_PATHS = (
					"$(inherited)",
					"@executable_path/Frameworks",
					"@loader_path/Frameworks",
				);
				PRODUCT_BUNDLE_IDENTIFIER = com.mybestcompany.STORETests;
				PRODUCT_NAME = "$(TARGET_NAME)";
				SWIFT_VERSION = 5.0;
				TARGETED_DEVICE_FAMILY = "1,2";
				TEST_HOST = "$(BUILT_PRODUCTS_DIR)/STORE.app/STORE";
			};
			name = Debug;
		};
		FA2FF52924D9C3DA00F2D297 /* Release */ = {
			isa = XCBuildConfiguration;
			buildSettings = {
				BUNDLE_LOADER = "$(TEST_HOST)";
				CODE_SIGN_STYLE = Automatic;
				DEVELOPMENT_TEAM = 6UWQ56AG86;
				INFOPLIST_FILE = STORETests/Info.plist;
				LD_RUNPATH_SEARCH_PATHS = (
					"$(inherited)",
					"@executable_path/Frameworks",
					"@loader_path/Frameworks",
				);
				PRODUCT_BUNDLE_IDENTIFIER = com.mybestcompany.STORETests;
				PRODUCT_NAME = "$(TARGET_NAME)";
				SWIFT_VERSION = 5.0;
				TARGETED_DEVICE_FAMILY = "1,2";
				TEST_HOST = "$(BUILT_PRODUCTS_DIR)/STORE.app/STORE";
			};
			name = Release;
		};
		FAAD06D524CAD09100962FC1 /* Debug */ = {
			isa = XCBuildConfiguration;
			buildSettings = {
				ALWAYS_SEARCH_USER_PATHS = NO;
				CLANG_ANALYZER_NONNULL = YES;
				CLANG_ANALYZER_NUMBER_OBJECT_CONVERSION = YES_AGGRESSIVE;
				CLANG_CXX_LANGUAGE_STANDARD = "gnu++14";
				CLANG_CXX_LIBRARY = "libc++";
				CLANG_ENABLE_MODULES = YES;
				CLANG_ENABLE_OBJC_ARC = YES;
				CLANG_ENABLE_OBJC_WEAK = YES;
				CLANG_WARN_BLOCK_CAPTURE_AUTORELEASING = YES;
				CLANG_WARN_BOOL_CONVERSION = YES;
				CLANG_WARN_COMMA = YES;
				CLANG_WARN_CONSTANT_CONVERSION = YES;
				CLANG_WARN_DEPRECATED_OBJC_IMPLEMENTATIONS = YES;
				CLANG_WARN_DIRECT_OBJC_ISA_USAGE = YES_ERROR;
				CLANG_WARN_DOCUMENTATION_COMMENTS = YES;
				CLANG_WARN_EMPTY_BODY = YES;
				CLANG_WARN_ENUM_CONVERSION = YES;
				CLANG_WARN_INFINITE_RECURSION = YES;
				CLANG_WARN_INT_CONVERSION = YES;
				CLANG_WARN_NON_LITERAL_NULL_CONVERSION = YES;
				CLANG_WARN_OBJC_IMPLICIT_RETAIN_SELF = YES;
				CLANG_WARN_OBJC_LITERAL_CONVERSION = YES;
				CLANG_WARN_OBJC_ROOT_CLASS = YES_ERROR;
				CLANG_WARN_RANGE_LOOP_ANALYSIS = YES;
				CLANG_WARN_STRICT_PROTOTYPES = YES;
				CLANG_WARN_SUSPICIOUS_MOVE = YES;
				CLANG_WARN_UNGUARDED_AVAILABILITY = YES_AGGRESSIVE;
				CLANG_WARN_UNREACHABLE_CODE = YES;
				CLANG_WARN__DUPLICATE_METHOD_MATCH = YES;
				COPY_PHASE_STRIP = NO;
				DEBUG_INFORMATION_FORMAT = dwarf;
				ENABLE_STRICT_OBJC_MSGSEND = YES;
				ENABLE_TESTABILITY = YES;
				GCC_C_LANGUAGE_STANDARD = gnu11;
				GCC_DYNAMIC_NO_PIC = NO;
				GCC_NO_COMMON_BLOCKS = YES;
				GCC_OPTIMIZATION_LEVEL = 0;
				GCC_PREPROCESSOR_DEFINITIONS = (
					"DEBUG=1",
					"$(inherited)",
				);
				GCC_WARN_64_TO_32_BIT_CONVERSION = YES;
				GCC_WARN_ABOUT_RETURN_TYPE = YES_ERROR;
				GCC_WARN_UNDECLARED_SELECTOR = YES;
				GCC_WARN_UNINITIALIZED_AUTOS = YES_AGGRESSIVE;
				GCC_WARN_UNUSED_FUNCTION = YES;
				GCC_WARN_UNUSED_VARIABLE = YES;
				IPHONEOS_DEPLOYMENT_TARGET = 13.2;
				MTL_ENABLE_DEBUG_INFO = INCLUDE_SOURCE;
				MTL_FAST_MATH = YES;
				ONLY_ACTIVE_ARCH = YES;
				SDKROOT = iphoneos;
				SWIFT_ACTIVE_COMPILATION_CONDITIONS = DEBUG;
				SWIFT_OPTIMIZATION_LEVEL = "-Onone";
			};
			name = Debug;
		};
		FAAD06D624CAD09100962FC1 /* Release */ = {
			isa = XCBuildConfiguration;
			buildSettings = {
				ALWAYS_SEARCH_USER_PATHS = NO;
				CLANG_ANALYZER_NONNULL = YES;
				CLANG_ANALYZER_NUMBER_OBJECT_CONVERSION = YES_AGGRESSIVE;
				CLANG_CXX_LANGUAGE_STANDARD = "gnu++14";
				CLANG_CXX_LIBRARY = "libc++";
				CLANG_ENABLE_MODULES = YES;
				CLANG_ENABLE_OBJC_ARC = YES;
				CLANG_ENABLE_OBJC_WEAK = YES;
				CLANG_WARN_BLOCK_CAPTURE_AUTORELEASING = YES;
				CLANG_WARN_BOOL_CONVERSION = YES;
				CLANG_WARN_COMMA = YES;
				CLANG_WARN_CONSTANT_CONVERSION = YES;
				CLANG_WARN_DEPRECATED_OBJC_IMPLEMENTATIONS = YES;
				CLANG_WARN_DIRECT_OBJC_ISA_USAGE = YES_ERROR;
				CLANG_WARN_DOCUMENTATION_COMMENTS = YES;
				CLANG_WARN_EMPTY_BODY = YES;
				CLANG_WARN_ENUM_CONVERSION = YES;
				CLANG_WARN_INFINITE_RECURSION = YES;
				CLANG_WARN_INT_CONVERSION = YES;
				CLANG_WARN_NON_LITERAL_NULL_CONVERSION = YES;
				CLANG_WARN_OBJC_IMPLICIT_RETAIN_SELF = YES;
				CLANG_WARN_OBJC_LITERAL_CONVERSION = YES;
				CLANG_WARN_OBJC_ROOT_CLASS = YES_ERROR;
				CLANG_WARN_RANGE_LOOP_ANALYSIS = YES;
				CLANG_WARN_STRICT_PROTOTYPES = YES;
				CLANG_WARN_SUSPICIOUS_MOVE = YES;
				CLANG_WARN_UNGUARDED_AVAILABILITY = YES_AGGRESSIVE;
				CLANG_WARN_UNREACHABLE_CODE = YES;
				CLANG_WARN__DUPLICATE_METHOD_MATCH = YES;
				COPY_PHASE_STRIP = NO;
				DEBUG_INFORMATION_FORMAT = "dwarf-with-dsym";
				ENABLE_NS_ASSERTIONS = NO;
				ENABLE_STRICT_OBJC_MSGSEND = YES;
				GCC_C_LANGUAGE_STANDARD = gnu11;
				GCC_NO_COMMON_BLOCKS = YES;
				GCC_WARN_64_TO_32_BIT_CONVERSION = YES;
				GCC_WARN_ABOUT_RETURN_TYPE = YES_ERROR;
				GCC_WARN_UNDECLARED_SELECTOR = YES;
				GCC_WARN_UNINITIALIZED_AUTOS = YES_AGGRESSIVE;
				GCC_WARN_UNUSED_FUNCTION = YES;
				GCC_WARN_UNUSED_VARIABLE = YES;
				IPHONEOS_DEPLOYMENT_TARGET = 13.2;
				MTL_ENABLE_DEBUG_INFO = NO;
				MTL_FAST_MATH = YES;
				SDKROOT = iphoneos;
				SWIFT_COMPILATION_MODE = wholemodule;
				SWIFT_OPTIMIZATION_LEVEL = "-O";
				VALIDATE_PRODUCT = YES;
			};
			name = Release;
		};
		FAAD06D824CAD09100962FC1 /* Debug */ = {
			isa = XCBuildConfiguration;
			baseConfigurationReference = 3A2EE62CFBE2D95DDDC7D7FE /* Pods-STORE.debug.xcconfig */;
			buildSettings = {
				ASSETCATALOG_COMPILER_APPICON_NAME = AppIcon;
				CODE_SIGN_STYLE = Automatic;
				DEVELOPMENT_TEAM = 6UWQ56AG86;
				INFOPLIST_FILE = "$(SRCROOT)/Supporting Files/Info.plist";
				LD_RUNPATH_SEARCH_PATHS = (
					"$(inherited)",
					"@executable_path/Frameworks",
				);
				PRODUCT_BUNDLE_IDENTIFIER = com.mybestcompany.STORE;
				PRODUCT_NAME = "$(TARGET_NAME)";
				SWIFT_VERSION = 5.0;
				TARGETED_DEVICE_FAMILY = "1,2";
			};
			name = Debug;
		};
		FAAD06D924CAD09100962FC1 /* Release */ = {
			isa = XCBuildConfiguration;
			baseConfigurationReference = B7AD0845BD6E44E52CC6C2FD /* Pods-STORE.release.xcconfig */;
			buildSettings = {
				ASSETCATALOG_COMPILER_APPICON_NAME = AppIcon;
				CODE_SIGN_STYLE = Automatic;
				DEVELOPMENT_TEAM = 6UWQ56AG86;
				INFOPLIST_FILE = "$(SRCROOT)/Supporting Files/Info.plist";
				LD_RUNPATH_SEARCH_PATHS = (
					"$(inherited)",
					"@executable_path/Frameworks",
				);
				PRODUCT_BUNDLE_IDENTIFIER = com.mybestcompany.STORE;
				PRODUCT_NAME = "$(TARGET_NAME)";
				SWIFT_VERSION = 5.0;
				TARGETED_DEVICE_FAMILY = "1,2";
			};
			name = Release;
		};
/* End XCBuildConfiguration section */

/* Begin XCConfigurationList section */
		FA2FF52A24D9C3DA00F2D297 /* Build configuration list for PBXNativeTarget "STORETests" */ = {
			isa = XCConfigurationList;
			buildConfigurations = (
				FA2FF52824D9C3DA00F2D297 /* Debug */,
				FA2FF52924D9C3DA00F2D297 /* Release */,
			);
			defaultConfigurationIsVisible = 0;
			defaultConfigurationName = Release;
		};
		FAAD06BE24CAD09000962FC1 /* Build configuration list for PBXProject "STORE" */ = {
			isa = XCConfigurationList;
			buildConfigurations = (
				FAAD06D524CAD09100962FC1 /* Debug */,
				FAAD06D624CAD09100962FC1 /* Release */,
			);
			defaultConfigurationIsVisible = 0;
			defaultConfigurationName = Release;
		};
		FAAD06D724CAD09100962FC1 /* Build configuration list for PBXNativeTarget "STORE" */ = {
			isa = XCConfigurationList;
			buildConfigurations = (
				FAAD06D824CAD09100962FC1 /* Debug */,
				FAAD06D924CAD09100962FC1 /* Release */,
			);
			defaultConfigurationIsVisible = 0;
			defaultConfigurationName = Release;
		};
/* End XCConfigurationList section */
	};
	rootObject = FAAD06BB24CAD09000962FC1 /* Project object */;
}
